Microsoft Visual Studio Solution File, Format Version 11.00
# Visual Studio 2010
Project("{FAE04EC0-301F-11D3-BF4B-00C04F79EFBC}") = "ReportStorageSample", "ReportStorageSample.csproj", "{243F4F33-2C5D-4D88-9DD0-1C1037551C4D}"
EndProject
Global
	GlobalSection(SolutionConfigurationPlatforms) = preSolution
		Debug|Any CPU = Debug|Any CPU
		Release|Any CPU = Release|Any CPU
	EndGlobalSection
	GlobalSection(ProjectConfigurationPlatforms) = postSolution
		{243F4F33-2C5D-4D88-9DD0-1C1037551C4D}.Debug|Any CPU.ActiveCfg = Debug|Any CPU
		{243F4F33-2C5D-4D88-9DD0-1C1037551C4D}.Debug|Any CPU.Build.0 = Debug|Any CPU
		{243F4F33-2C5D-4D88-9DD0-1C1037551C4D}.Release|Any CPU.ActiveCfg = Release|Any CPU
		{243F4F33-2C5D-4D88-9DD0-1C1037551C4D}.Release|Any CPU.Build.0 = Release|Any CPU
	EndGlobalSection
	GlobalSection(SolutionProperties) = preSolution
		HideSolutionNode = FALSE
	EndGlobalSection
EndGlobal
